# THIS IS AN AUTOGENERATED FILE. DO NOT EDIT THIS FILE DIRECTLY.
# yarn lockfile v1


better-sqlite3@^13.0.3:
  version "13.0.3"
  resolved "https://registry.yarnpkg.com/better-sqlite3/-/better-sqlite3-13.0.3.tgz#b6ea0dc7fff7e28d04d9093e81051d38f7beabe2"
  integrity sha512-RbOBxmLBG8uvFUc15X9+9SFemKcQ0WBuISBVkpuiaUB2qblC8UWlHEjdWVoZ8AdhSwmoEgsiXKfopX0CQxaACQ==
  dependencies:
    node-addon-api "^8.0.0"

node-addon-api@^7.1.0:
  version "7.1.1"
  resolved "https://registry.yarnpkg.com/node-addon-api/-/node-addon-api-7.1.1.tgz#1aba6693b0f255258a049d621329329322aad558"
  integrity sha512-5m3bsyrjFWE1xf7nz7YXdN4udnVtXK6/Yfgn5qnahL6bCkf2yKt4k3nuTKAtT4r3IG8JNR2ncsIMdZuAzJjHQQ==

node-addon-api@^8.0.0:
  version "8.9.2"
  resolved "https://registry.yarnpkg.com/node-addon-api/-/node-addon-api-8.9.2.tgz#db7ac94a13ffd9b55e6cb04584bd5ef8e1d74b18"
  integrity sha512-VijLXbi3UACN69I0JVXJsX4tjACjNoQDgv2gTF6sx2wWEi8tkSg2eX8p5gSIFi8z2+DL3oHmY6OyKce38SDolg==

node-pty@^1.0.0:
  version "1.1.0"
  resolved "https://registry.yarnpkg.com/node-pty/-/node-pty-1.1.0.tgz#161936d45a47751c2e3b694c365e73017417a887"
  integrity sha512-20JqtutY6JPXTUnL0ij1uad7Qe1baT46lyolh2sSENDd4sTzKZ4nmAFkeAARDKwmlLjPx6XKRlwRUxwjOy+lUg==
  dependencies:
    node-addon-api "^7.1.0"

sqlite-vec-darwin-arm64@0.1.9:
  version "0.1.9"
  resolved "https://registry.yarnpkg.com/sqlite-vec-darwin-arm64/-/sqlite-vec-darwin-arm64-0.1.9.tgz#0f73ce38d8127de5a2be9e47a526e13a5816ba63"
  integrity sha512-jSsZpE42OfBkGL/ItyJTVCUwl6o6Ka3U5rc4j+UBDIQzC1ulSSKMEhQLthsOnF/MdAf1MuAkYhkdKmmcjaIZQg==

sqlite-vec-darwin-x64@0.1.9:
  version "0.1.9"
  resolved "https://registry.yarnpkg.com/sqlite-vec-darwin-x64/-/sqlite-vec-darwin-x64-0.1.9.tgz#5c907bff5f1336312d0d77b123c7519d54d98746"
  integrity sha512-KDlVyqQT7pnOhU1ymB9gs7dMbSoVmKHitT+k1/xkjarcX8bBqPxWrGlK/R+C5WmWkfvWwyq5FfXfiBYCBs6PlA==

sqlite-vec-linux-arm64@0.1.9:
  version "0.1.9"
  resolved "https://registry.yarnpkg.com/sqlite-vec-linux-arm64/-/sqlite-vec-linux-arm64-0.1.9.tgz#08e37c1142cf12b75de686419e7db905f1efa07c"
  integrity sha512-5wXVJ9c9kR4CHm/wVqXb/R+XUHTdpZ4nWbPHlS+gc9qQFVHs92Km4bPnCKX4rtcPMzvNis+SIzMJR1SCEwpuUw==

sqlite-vec-linux-x64@0.1.9:
  version "0.1.9"
  resolved "https://registry.yarnpkg.com/sqlite-vec-linux-x64/-/sqlite-vec-linux-x64-0.1.9.tgz#692af0d05a6c37c41049e3b5bdcdf60508dfaf5c"
  integrity sha512-w3tCH8xK2finW8fQJ/m8uqKodXUZ9KAuAar2UIhz4BHILfpE0WM/MTGCRfa7RjYbrYim5Luk3guvMOGI7T7JQA==

sqlite-vec-windows-x64@0.1.9:
  version "0.1.9"
  resolved "https://registry.yarnpkg.com/sqlite-vec-windows-x64/-/sqlite-vec-windows-x64-0.1.9.tgz#5ae39efdcae3e2b9333a3d3ace8b4cdfd35417c0"
  integrity sha512-y3gEIyy/17bq2QFPQOWLE68TYWcRZkBQVA2XLrTPHNTOp55xJi/BBBmOm40tVMDMjtP+Elpk6UBUXdaq+46b0Q==

sqlite-vec@^0.1.9:
  version "0.1.9"
  resolved "https://registry.yarnpkg.com/sqlite-vec/-/sqlite-vec-0.1.9.tgz#1634ac7d125c32dd62502591b71f2d961e2a9aa4"
  integrity sha512-L7XJWRIBNvR9O5+vh1FQ+IGkh/3D2AzVksW5gdtk28m78Hy8skFD0pqReKH1Yp0/BUKRGcffgKvyO/EON5JXpA==
  optionalDependencies:
    sqlite-vec-darwin-arm64 "0.1.9"
    sqlite-vec-darwin-x64 "0.1.9"
    sqlite-vec-linux-arm64 "0.1.9"
    sqlite-vec-linux-x64 "0.1.9"
    sqlite-vec-windows-x64 "0.1.9"
